# This file is automatically @generated by Cargo.
# It is not intended for manual editing.
[[package]]
name = "cc"
version = "1.0.68"
source = "registry+https://github.com/rust-lang/crates.io-index"
checksum = "4a72c244c1ff497a746a7e1fb3d14bd08420ecda70c8f25c7112f2781652d787"

[[package]]
name = "cmake"
version = "0.1.45"
source = "registry+https://github.com/rust-lang/crates.io-index"
checksum = "eb6210b637171dfba4cda12e579ac6dc73f5165ad56133e5d72ef3131f320855"
dependencies = [
 "cc",
]

[[package]]
name = "glsl_checker"
version = "0.1.0"
dependencies = [
 "shaderc",
]

[[package]]
name = "libc"
version = "0.2.95"
source = "registry+https://github.com/rust-lang/crates.io-index"
checksum = "789da6d93f1b866ffe175afc5322a4d76c038605a1c3319bb57b06967ca98a36"

[[package]]
name = "shaderc"
version = "0.7.2"
source = "registry+https://github.com/rust-lang/crates.io-index"
checksum = "1ca37955a53b37fa20380c414aec5343ab76b6993ebfd86e74facd7209bac577"
dependencies = [
 "libc",
 "shaderc-sys",
]

[[package]]
name = "shaderc-sys"
version = "0.7.2"
source = "registry+https://github.com/rust-lang/crates.io-index"
checksum = "da6962db4d543df2fb613d76e6f4c7bcf58ff3300709c92f2349239955ce0a9f"
dependencies = [
 "cmake",
 "libc",
]
